// !$*UTF8*$!
{
	archiveVersion = 1;
	classes = {
	};
	objectVersion = 46;
	objects = {

/* Begin PBXBuildFile section */
		4620C6811EAFEC2E00970165 /* AppDelegate.swift in Sources */ = {isa = PBXBuildFile; fileRef = 4620C6801EAFEC2E00970165 /* AppDelegate.swift */; };
		4620C6831EAFEC2E00970165 /* ViewController.swift in Sources */ = {isa = PBXBuildFile; fileRef = 4620C6821EAFEC2E00970165 /* ViewController.swift */; };
		4620C6861EAFEC2E00970165 /* Main.storyboard in Resources */ = {isa = PBXBuildFile; fileRef = 4620C6841EAFEC2E00970165 /* Main.storyboard */; };
		4620C6881EAFEC2E00970165 /* Assets.xcassets in Resources */ = {isa = PBXBuildFile; fileRef = 4620C6871EAFEC2E00970165 /* Assets.xcassets */; };
		4620C68B1EAFEC2E00970165 /* LaunchScreen.storyboard in Resources */ = {isa = PBXBuildFile; fileRef = 4620C6891EAFEC2E00970165 /* LaunchScreen.storyboard */; };
		4620C6931EB00C1200970165 /* Dojoachi.swift in Sources */ = {isa = PBXBuildFile; fileRef = 4620C6921EB00C1200970165 /* Dojoachi.swift */; };
/* End PBXBuildFile section */

/* Begin PBXFileReference section */
		4620C67D1EAFEC2E00970165 /* 06_DojoDachi.app */ = {isa = PBXFileReference; explicitFileType = wrapper.application; includeInIndex = 0; path = 06_DojoDachi.app; sourceTree = BUILT_PRODUCTS_DIR; };
		4620C6801EAFEC2E00970165 /* AppDelegate.swift */ = {isa = PBXFileReference; lastKnownFileType = sourcecode.swift; path = AppDelegate.swift; sourceTree = "<group>"; };
		4620C6821EAFEC2E00970165 /* ViewController.swift */ = {isa = PBXFileReference; lastKnownFileType = sourcecode.swift; path = ViewController.swift; sourceTree = "<group>"; };
		4620C6851EAFEC2E00970165 /* Base */ = {isa = PBXFileReference; lastKnownFileType = file.storyboard; name = Base; path = Base.lproj/Main.storyboard; sourceTree = "<group>"; };
		4620C6871EAFEC2E00970165 /* Assets.xcassets */ = {isa = PBXFileReference; lastKnownFileType = folder.assetcatalog; path = Assets.xcassets; sourceTree = "<group>"; };
		4620C68A1EAFEC2E00970165 /* Base */ = {isa = PBXFileReference; lastKnownFileType = file.storyboard; name = Base; path = Base.lproj/LaunchScreen.storyboard; sourceTree = "<group>"; };
		4620C68C1EAFEC2E00970165 /* Info.plist */ = {isa = PBXFileReference; lastKnownFileType = text.plist.xml; path = Info.plist; sourceTree = "<group>"; };
		4620C6921EB00C1200970165 /* Dojoachi.swift */ = {isa = PBXFileReference; fileEncoding = 4; lastKnownFileType = sourcecode.swift; path = Dojoachi.swift; sourceTree = "<group>"; };
/* End PBXFileReference section */

/* Begin PBXFrameworksBuildPhase section */
		4620C67A1EAFEC2E00970165 /* Frameworks */ = {
			isa = PBXFrameworksBuildPhase;
			buildActionMask = 2147483647;
			files = (
			);
			runOnlyForDeploymentPostprocessing = 0;
		};
/* End PBXFrameworksBuildPhase section */

/* Begin PBXGroup section */
		4620C6741EAFEC2E00970165 = {
			isa = PBXGroup;
			children = (
				4620C67F1EAFEC2E00970165 /* 06_DojoDachi */,
				4620C67E1EAFEC2E00970165 /* Products */,
			);
			sourceTree = "<group>";
		};
		4620C67E1EAFEC2E00970165 /* Products */ = {
			isa = PBXGroup;
			children = (
				4620C67D1EAFEC2E00970165 /* 06_DojoDachi.app */,
			);
			name = Products;
			sourceTree = "<group>";
		};
		4620C67F1EAFEC2E00970165 /* 06_DojoDachi */ = {
			isa = PBXGroup;
			children = (
				4620C6801EAFEC2E00970165 /* AppDelegate.swift */,
				4620C6821EAFEC2E00970165 /* ViewController.swift */,
				4620C6841EAFEC2E00970165 /* Main.storyboard */,
				4620C6871EAFEC2E00970165 /* Assets.xcassets */,
				4620C6891EAFEC2E00970165 /* LaunchScreen.storyboard */,
				4620C68C1EAFEC2E00970165 /* Info.plist */,
				4620C6921EB00C1200970165 /* Dojoachi.swift */,
			);
			path = 06_DojoDachi;
			sourceTree = "<group>";
		};
/* End PBXGroup section */

/* Begin PBXNativeTarget section */
		4620C67C1EAFEC2E00970165 /* 06_DojoDachi */ = {
			isa = PBXNativeTarget;
			buildConfigurationList = 4620C68F1EAFEC2E00970165 /* Build configuration list for PBXNativeTarget "06_DojoDachi" */;
			buildPhases = (
				4620C6791EAFEC2E00970165 /* Sources */,
				4620C67A1EAFEC2E00970165 /* Frameworks */,
				4620C67B1EAFEC2E00970165 /* Resources */,
			);
			buildRules = (
			);
			dependencies = (
			);
			name = 06_DojoDachi;
			productName = 06_DojoDachi;
			productReference = 4620C67D1EAFEC2E00970165 /* 06_DojoDachi.app */;
			productType = "com.apple.product-type.application";
		};
/* End PBXNativeTarget section */

/* Begin PBXProject section */
		4620C6751EAFEC2E00970165 /* Project object */ = {
			isa = PBXProject;
			attributes = {
				LastSwiftUpdateCheck = 0730;
				LastUpgradeCheck = 0730;
				ORGANIZATIONNAME = User;
				TargetAttributes = {
					4620C67C1EAFEC2E00970165 = {
						CreatedOnToolsVersion = 7.3.1;
						DevelopmentTeam = 6AFB659V5C;
					};
				};
			};
			buildConfigurationList = 4620C6781EAFEC2E00970165 /* Build configuration list for PBXProject "06_DojoDachi" */;
			compatibilityVersion = "Xcode 3.2";
			developmentRegion = English;
			hasScannedForEncodings = 0;
			knownRegions = (
				en,
				Base,
			);
			mainGroup = 4620C6741EAFEC2E00970165;
			productRefGroup = 4620C67E1EAFEC2E00970165 /* Products */;
			projectDirPath = "";
			projectRoot = "";
			targets = (
				4620C67C1EAFEC2E00970165 /* 06_DojoDachi */,
			);
		};
/* End PBXProject section */

/* Begin PBXResourcesBuildPhase section */
		4620C67B1EAFEC2E00970165 /* Resources */ = {
			isa = PBXResourcesBuildPhase;
			buildActionMask = 2147483647;
			files = (
				4620C68B1EAFEC2E00970165 /* LaunchScreen.storyboard in Resources */,
				4620C6881EAFEC2E00970165 /* Assets.xcassets in Resources */,
				4620C6861EAFEC2E00970165 /* Main.storyboard in Resources */,
			);
			runOnlyForDeploymentPostprocessing = 0;
		};
/* End PBXResourcesBuildPhase section */

/* Begin PBXSourcesBuildPhase section */
		4620C6791EAFEC2E00970165 /* Sources */ = {
			isa = PBXSourcesBuildPhase;
			buildActionMask = 2147483647;
			files = (
				4620C6831EAFEC2E00970165 /* ViewController.swift in Sources */,
				4620C6811EAFEC2E00970165 /* AppDelegate.swift in Sources */,
				4620C6931EB00C1200970165 /* Dojoachi.swift in Sources */,
			);
			runOnlyForDeploymentPostprocessing = 0;
		};
/* End PBXSourcesBuildPhase section */

/* Begin PBXVariantGroup section */
		4620C6841EAFEC2E00970165 /* Main.storyboard */ = {
			isa = PBXVariantGroup;
			children = (
				4620C6851EAFEC2E00970165 /* Base */,
			);
			name = Main.storyboard;
			sourceTree = "<group>";
		};
		4620C6891EAFEC2E00970165 /* LaunchScreen.storyboard */ = {
			isa = PBXVariantGroup;
			children = (
				4620C68A1EAFEC2E00970165 /* Base */,
			);
			name = LaunchScreen.storyboard;
			sourceTree = "<group>";
		};
/* End PBXVariantGroup section */

/* Begin XCBuildConfiguration section */
		4620C68D1EAFEC2E00970165 /* Debug */ = {
			isa = XCBuildConfiguration;
			buildSettings = {
				ALWAYS_SEARCH_USER_PATHS = NO;
				CLANG_ANALYZER_NONNULL = YES;
				CLANG_CXX_LANGUAGE_STANDARD = "gnu++0x";
				CLANG_CXX_LIBRARY = "libc++";
				CLANG_ENABLE_MODULES = YES;
				CLANG_ENABLE_OBJC_ARC = YES;
				CLANG_WARN_BOOL_CONVERSION = YES;
				CLANG_WARN_CONSTANT_CONVERSION = YES;
				CLANG_WARN_DIRECT_OBJC_ISA_USAGE = YES_ERROR;
				CLANG_WARN_EMPTY_BODY = YES;
				CLANG_WARN_ENUM_CONVERSION = YES;
				CLANG_WARN_INT_CONVERSION = YES;
				CLANG_WARN_OBJC_ROOT_CLASS = YES_ERROR;
				CLANG_WARN_UNREACHABLE_CODE = YES;
				CLANG_WARN__DUPLICATE_METHOD_MATCH = YES;
				"CODE_SIGN_IDENTITY[sdk=iphoneos*]" = "iPhone Developer";
				COPY_PHASE_STRIP = NO;
				DEBUG_INFORMATION_FORMAT = dwarf;
				ENABLE_STRICT_OBJC_MSGSEND = YES;
				ENABLE_TESTABILITY = YES;
				GCC_C_LANGUAGE_STANDARD = gnu99;
				GCC_DYNAMIC_NO_PIC = NO;
				GCC_NO_COMMON_BLOCKS = YES;
				GCC_OPTIMIZATION_LEVEL = 0;
				GCC_PREPROCESSOR_DEFINITIONS = (
					"DEBUG=1",
					"$(inherited)",
				);
				GCC_WARN_64_TO_32_BIT_CONVERSION = YES;
				GCC_WARN_ABOUT_RETURN_TYPE = YES_ERROR;
				GCC_WARN_UNDECLARED_SELECTOR = YES;
				GCC_WARN_UNINITIALIZED_AUTOS = YES_AGGRESSIVE;
				GCC_WARN_UNUSED_FUNCTION = YES;
				GCC_WARN_UNUSED_VARIABLE = YES;
				IPHONEOS_DEPLOYMENT_TARGET = 9.3;
				MTL_ENABLE_DEBUG_INFO = YES;
				ONLY_ACTIVE_ARCH = YES;
				SDKROOT = iphoneos;
				SWIFT_OPTIMIZATION_LEVEL = "-Onone";
			};
			name = Debug;
		};
		4620C68E1EAFEC2E00970165 /* Release */ = {
			isa = XCBuildConfiguration;
			buildSettings = {
				ALWAYS_SEARCH_USER_PATHS = NO;
				CLANG_ANALYZER_NONNULL = YES;
				CLANG_CXX_LANGUAGE_STANDARD = "gnu++0x";
				CLANG_CXX_LIBRARY = "libc++";
				CLANG_ENABLE_MODULES = YES;
				CLANG_ENABLE_OBJC_ARC = YES;
				CLANG_WARN_BOOL_CONVERSION = YES;
				CLANG_WARN_CONSTANT_CONVERSION = YES;
				CLANG_WARN_DIRECT_OBJC_ISA_USAGE = YES_ERROR;
				CLANG_WARN_EMPTY_BODY = YES;
				CLANG_WARN_ENUM_CONVERSION = YES;
				CLANG_WARN_INT_CONVERSION = YES;
				CLANG_WARN_OBJC_ROOT_CLASS = YES_ERROR;
				CLANG_WARN_UNREACHABLE_CODE = YES;
				CLANG_WARN__DUPLICATE_METHOD_MATCH = YES;
				"CODE_SIGN_IDENTITY[sdk=iphoneos*]" = "iPhone Developer";
				COPY_PHASE_STRIP = NO;
				DEBUG_INFORMATION_FORMAT = "dwarf-with-dsym";
				ENABLE_NS_ASSERTIONS = NO;
				ENABLE_STRICT_OBJC_MSGSEND = YES;
				GCC_C_LANGUAGE_STANDARD = gnu99;
				GCC_NO_COMMON_BLOCKS = YES;
				GCC_WARN_64_TO_32_BIT_CONVERSION = YES;
				GCC_WARN_ABOUT_RETURN_TYPE = YES_ERROR;
				GCC_WARN_UNDECLARED_SELECTOR = YES;
				GCC_WARN_UNINITIALIZED_AUTOS = YES_AGGRESSIVE;
				GCC_WARN_UNUSED_FUNCTION = YES;
				GCC_WARN_UNUSED_VARIABLE = YES;
				IPHONEOS_DEPLOYMENT_TARGET = 9.3;
				MTL_ENABLE_DEBUG_INFO = NO;
				SDKROOT = iphoneos;
				VALIDATE_PRODUCT = YES;
			};
			name = Release;
		};
		4620C6901EAFEC2E00970165 /* Debug */ = {
			isa = XCBuildConfiguration;
			buildSettings = {
				ASSETCATALOG_COMPILER_APPICON_NAME = AppIcon;
				CODE_SIGN_IDENTITY = "iPhone Developer";
				"CODE_SIGN_IDENTITY[sdk=iphoneos*]" = "iPhone Developer";
				INFOPLIST_FILE = 06_DojoDachi/Info.plist;
				LD_RUNPATH_SEARCH_PATHS = "$(inherited) @executable_path/Frameworks";
				PRODUCT_BUNDLE_IDENTIFIER = "com.wordpress.nodefs.-6-DojoDachi";
				PRODUCT_NAME = "$(TARGET_NAME)";
				PROVISIONING_PROFILE = "";
			};
			name = Debug;
		};
		4620C6911EAFEC2E00970165 /* Release */ = {
			isa = XCBuildConfiguration;
			buildSettings = {
				ASSETCATALOG_COMPILER_APPICON_NAME = AppIcon;
				CODE_SIGN_IDENTITY = "iPhone Developer";
				"CODE_SIGN_IDENTITY[sdk=iphoneos*]" = "iPhone Developer";
				INFOPLIST_FILE = 06_DojoDachi/Info.plist;
				LD_RUNPATH_SEARCH_PATHS = "$(inherited) @executable_path/Frameworks";
				PRODUCT_BUNDLE_IDENTIFIER = "com.wordpress.nodefs.-6-DojoDachi";
				PRODUCT_NAME = "$(TARGET_NAME)";
				PROVISIONING_PROFILE = "";
			};
			name = Release;
		};
/* End XCBuildConfiguration section */

/* Begin XCConfigurationList section */
		4620C6781EAFEC2E00970165 /* Build configuration list for PBXProject "06_DojoDachi" */ = {
			isa = XCConfigurationList;
			buildConfigurations = (
				4620C68D1EAFEC2E00970165 /* Debug */,
				4620C68E1EAFEC2E00970165 /* Release */,
			);
			defaultConfigurationIsVisible = 0;
			defaultConfigurationName = Release;
		};
		4620C68F1EAFEC2E00970165 /* Build configuration list for PBXNativeTarget "06_DojoDachi" */ = {
			isa = XCConfigurationList;
			buildConfigurations = (
				4620C6901EAFEC2E00970165 /* Debug */,
				4620C6911EAFEC2E00970165 /* Release */,
			);
			defaultConfigurationIsVisible = 0;
			defaultConfigurationName = Release;
		};
/* End XCConfigurationList section */
	};
	rootObject = 4620C6751EAFEC2E00970165 /* Project object */;
}
